
Microsoft Visual Studio Solution File, Format Version 12.00
# Visual Studio 15
VisualStudioVersion = 15.0.28307.902
MinimumVisualStudioVersion = 10.0.40219.1
Project("{FAE04EC0-301F-11D3-BF4B-00C04F79EFBC}") = "ToDo", "ToDo\ToDo.csproj", "{ECB1FFA2-54B2-4A9A-9CCB-95AADA3DE746}"
EndProject
Global
	GlobalSection(SolutionConfigurationPlatforms) = preSolution
		Debug|Any CPU = Debug|Any CPU
		Release|Any CPU = Release|Any CPU
	EndGlobalSection
	GlobalSection(ProjectConfigurationPlatforms) = postSolution
		{ECB1FFA2-54B2-4A9A-9CCB-95AADA3DE746}.Debug|Any CPU.ActiveCfg = Debug|Any CPU
		{ECB1FFA2-54B2-4A9A-9CCB-95AADA3DE746}.Debug|Any CPU.Build.0 = Debug|Any CPU
		{ECB1FFA2-54B2-4A9A-9CCB-95AADA3DE746}.Release|Any CPU.ActiveCfg = Release|Any CPU
		{ECB1FFA2-54B2-4A9A-9CCB-95AADA3DE746}.Release|Any CPU.Build.0 = Release|Any CPU
	EndGlobalSection
	GlobalSection(SolutionProperties) = preSolution
		HideSolutionNode = FALSE
	EndGlobalSection
	GlobalSection(ExtensibilityGlobals) = postSolution
		SolutionGuid = {6E744CDD-23CF-4BD0-9862-7CAA61798E90}
	EndGlobalSection
EndGlobal
